// !$*UTF8*$!
{
	archiveVersion = 1;
	classes = {
	};
	objectVersion = 48;
	objects = {

/* Begin PBXBuildFile section */
		D92563EC2055AD7900A660AE /* CardView.swift in Sources */ = {isa = PBXBuildFile; fileRef = D92563EB2055AD7900A660AE /* CardView.swift */; };
		D9CB4CF620545335008DB140 /* OnePlaceViewController.swift in Sources */ = {isa = PBXBuildFile; fileRef = D9CB4CF520545335008DB140 /* OnePlaceViewController.swift */; };
		D9DE5371205112460093B7D3 /* AppDelegate.swift in Sources */ = {isa = PBXBuildFile; fileRef = D9DE5370205112460093B7D3 /* AppDelegate.swift */; };
		D9DE5376205112460093B7D3 /* Main.storyboard in Resources */ = {isa = PBXBuildFile; fileRef = D9DE5374205112460093B7D3 /* Main.storyboard */; };
		D9DE5378205112460093B7D3 /* Assets.xcassets in Resources */ = {isa = PBXBuildFile; fileRef = D9DE5377205112460093B7D3 /* Assets.xcassets */; };
		D9DE537B205112460093B7D3 /* LaunchScreen.storyboard in Resources */ = {isa = PBXBuildFile; fileRef = D9DE5379205112460093B7D3 /* LaunchScreen.storyboard */; };
		D9DE5386205112470093B7D3 /* PlacesTests.swift in Sources */ = {isa = PBXBuildFile; fileRef = D9DE5385205112470093B7D3 /* PlacesTests.swift */; };
		D9DE53912051128E0093B7D3 /* PlaceTableViewController.swift in Sources */ = {isa = PBXBuildFile; fileRef = D9DE53902051128E0093B7D3 /* PlaceTableViewController.swift */; };
		D9DE5393205116120093B7D3 /* PlaceTableViewCell.swift in Sources */ = {isa = PBXBuildFile; fileRef = D9DE5392205116120093B7D3 /* PlaceTableViewCell.swift */; };
		D9DE539520520DFF0093B7D3 /* Place.swift in Sources */ = {isa = PBXBuildFile; fileRef = D9DE539420520DFF0093B7D3 /* Place.swift */; };
/* End PBXBuildFile section */

/* Begin PBXContainerItemProxy section */
		D9DE5382205112460093B7D3 /* PBXContainerItemProxy */ = {
			isa = PBXContainerItemProxy;
			containerPortal = D9DE5365205112460093B7D3 /* Project object */;
			proxyType = 1;
			remoteGlobalIDString = D9DE536C205112460093B7D3;
			remoteInfo = Places;
		};
/* End PBXContainerItemProxy section */

/* Begin PBXFileReference section */
		D92563EB2055AD7900A660AE /* CardView.swift */ = {isa = PBXFileReference; fileEncoding = 4; lastKnownFileType = sourcecode.swift; path = CardView.swift; sourceTree = "<group>"; };
		D9CB4CF520545335008DB140 /* OnePlaceViewController.swift */ = {isa = PBXFileReference; lastKnownFileType = sourcecode.swift; path = OnePlaceViewController.swift; sourceTree = "<group>"; };
		D9DE536D205112460093B7D3 /* Places.app */ = {isa = PBXFileReference; explicitFileType = wrapper.application; includeInIndex = 0; path = Places.app; sourceTree = BUILT_PRODUCTS_DIR; };
		D9DE5370205112460093B7D3 /* AppDelegate.swift */ = {isa = PBXFileReference; lastKnownFileType = sourcecode.swift; path = AppDelegate.swift; sourceTree = "<group>"; };
		D9DE5375205112460093B7D3 /* Base */ = {isa = PBXFileReference; lastKnownFileType = file.storyboard; name = Base; path = Base.lproj/Main.storyboard; sourceTree = "<group>"; };
		D9DE5377205112460093B7D3 /* Assets.xcassets */ = {isa = PBXFileReference; lastKnownFileType = folder.assetcatalog; path = Assets.xcassets; sourceTree = "<group>"; };
		D9DE537A205112460093B7D3 /* Base */ = {isa = PBXFileReference; lastKnownFileType = file.storyboard; name = Base; path = Base.lproj/LaunchScreen.storyboard; sourceTree = "<group>"; };
		D9DE537C205112460093B7D3 /* Info.plist */ = {isa = PBXFileReference; lastKnownFileType = text.plist.xml; path = Info.plist; sourceTree = "<group>"; };
		D9DE5381205112460093B7D3 /* PlacesTests.xctest */ = {isa = PBXFileReference; explicitFileType = wrapper.cfbundle; includeInIndex = 0; path = PlacesTests.xctest; sourceTree = BUILT_PRODUCTS_DIR; };
		D9DE5385205112470093B7D3 /* PlacesTests.swift */ = {isa = PBXFileReference; lastKnownFileType = sourcecode.swift; path = PlacesTests.swift; sourceTree = "<group>"; };
		D9DE5387205112470093B7D3 /* Info.plist */ = {isa = PBXFileReference; lastKnownFileType = text.plist.xml; path = Info.plist; sourceTree = "<group>"; };
		D9DE53902051128E0093B7D3 /* PlaceTableViewController.swift */ = {isa = PBXFileReference; lastKnownFileType = sourcecode.swift; path = PlaceTableViewController.swift; sourceTree = "<group>"; };
		D9DE5392205116120093B7D3 /* PlaceTableViewCell.swift */ = {isa = PBXFileReference; lastKnownFileType = sourcecode.swift; path = PlaceTableViewCell.swift; sourceTree = "<group>"; };
		D9DE539420520DFF0093B7D3 /* Place.swift */ = {isa = PBXFileReference; fileEncoding = 4; lastKnownFileType = sourcecode.swift; name = Place.swift; path = ../../../../Downloads/05_DefineYourDataModel/FoodTracker/FoodTracker/Place.swift; sourceTree = "<group>"; };
/* End PBXFileReference section */

/* Begin PBXFrameworksBuildPhase section */
		D9DE536A205112460093B7D3 /* Frameworks */ = {
			isa = PBXFrameworksBuildPhase;
			buildActionMask = 2147483647;
			files = (
			);
			runOnlyForDeploymentPostprocessing = 0;
		};
		D9DE537E205112460093B7D3 /* Frameworks */ = {
			isa = PBXFrameworksBuildPhase;
			buildActionMask = 2147483647;
			files = (
			);
			runOnlyForDeploymentPostprocessing = 0;
		};
/* End PBXFrameworksBuildPhase section */

/* Begin PBXGroup section */
		D9DE5364205112460093B7D3 = {
			isa = PBXGroup;
			children = (
				D9DE536F205112460093B7D3 /* Places */,
				D9DE5384205112460093B7D3 /* PlacesTests */,
				D9DE536E205112460093B7D3 /* Products */,
			);
			sourceTree = "<group>";
		};
		D9DE536E205112460093B7D3 /* Products */ = {
			isa = PBXGroup;
			children = (
				D9DE536D205112460093B7D3 /* Places.app */,
				D9DE5381205112460093B7D3 /* PlacesTests.xctest */,
			);
			name = Products;
			sourceTree = "<group>";
		};
		D9DE536F205112460093B7D3 /* Places */ = {
			isa = PBXGroup;
			children = (
				D92563EB2055AD7900A660AE /* CardView.swift */,
				D9DE5374205112460093B7D3 /* Main.storyboard */,
				D9DE5370205112460093B7D3 /* AppDelegate.swift */,
				D9DE53902051128E0093B7D3 /* PlaceTableViewController.swift */,
				D9DE5392205116120093B7D3 /* PlaceTableViewCell.swift */,
				D9CB4CF520545335008DB140 /* OnePlaceViewController.swift */,
				D9DE539420520DFF0093B7D3 /* Place.swift */,
				D9DE5377205112460093B7D3 /* Assets.xcassets */,
				D9DE5379205112460093B7D3 /* LaunchScreen.storyboard */,
				D9DE537C205112460093B7D3 /* Info.plist */,
			);
			path = Places;
			sourceTree = "<group>";
		};
		D9DE5384205112460093B7D3 /* PlacesTests */ = {
			isa = PBXGroup;
			children = (
				D9DE5385205112470093B7D3 /* PlacesTests.swift */,
				D9DE5387205112470093B7D3 /* Info.plist */,
			);
			path = PlacesTests;
			sourceTree = "<group>";
		};
/* End PBXGroup section */

/* Begin PBXNativeTarget section */
		D9DE536C205112460093B7D3 /* Places */ = {
			isa = PBXNativeTarget;
			buildConfigurationList = D9DE538A205112470093B7D3 /* Build configuration list for PBXNativeTarget "Places" */;
			buildPhases = (
				D9DE5369205112460093B7D3 /* Sources */,
				D9DE536A205112460093B7D3 /* Frameworks */,
				D9DE536B205112460093B7D3 /* Resources */,
			);
			buildRules = (
			);
			dependencies = (
			);
			name = Places;
			productName = Places;
			productReference = D9DE536D205112460093B7D3 /* Places.app */;
			productType = "com.apple.product-type.application";
		};
		D9DE5380205112460093B7D3 /* PlacesTests */ = {
			isa = PBXNativeTarget;
			buildConfigurationList = D9DE538D205112470093B7D3 /* Build configuration list for PBXNativeTarget "PlacesTests" */;
			buildPhases = (
				D9DE537D205112460093B7D3 /* Sources */,
				D9DE537E205112460093B7D3 /* Frameworks */,
				D9DE537F205112460093B7D3 /* Resources */,
			);
			buildRules = (
			);
			dependencies = (
				D9DE5383205112460093B7D3 /* PBXTargetDependency */,
			);
			name = PlacesTests;
			productName = PlacesTests;
			productReference = D9DE5381205112460093B7D3 /* PlacesTests.xctest */;
			productType = "com.apple.product-type.bundle.unit-test";
		};
/* End PBXNativeTarget section */

/* Begin PBXProject section */
		D9DE5365205112460093B7D3 /* Project object */ = {
			isa = PBXProject;
			attributes = {
				LastSwiftUpdateCheck = 0920;
				LastUpgradeCheck = 0920;
				ORGANIZATIONNAME = "Joe Sanfilippo";
				TargetAttributes = {
					D9DE536C205112460093B7D3 = {
						CreatedOnToolsVersion = 9.2;
						ProvisioningStyle = Automatic;
					};
					D9DE5380205112460093B7D3 = {
						CreatedOnToolsVersion = 9.2;
						ProvisioningStyle = Automatic;
						TestTargetID = D9DE536C205112460093B7D3;
					};
				};
			};
			buildConfigurationList = D9DE5368205112460093B7D3 /* Build configuration list for PBXProject "Places" */;
			compatibilityVersion = "Xcode 8.0";
			developmentRegion = en;
			hasScannedForEncodings = 0;
			knownRegions = (
				en,
				Base,
			);
			mainGroup = D9DE5364205112460093B7D3;
			productRefGroup = D9DE536E205112460093B7D3 /* Products */;
			projectDirPath = "";
			projectRoot = "";
			targets = (
				D9DE536C205112460093B7D3 /* Places */,
				D9DE5380205112460093B7D3 /* PlacesTests */,
			);
		};
/* End PBXProject section */

/* Begin PBXResourcesBuildPhase section */
		D9DE536B205112460093B7D3 /* Resources */ = {
			isa = PBXResourcesBuildPhase;
			buildActionMask = 2147483647;
			files = (
				D9DE537B205112460093B7D3 /* LaunchScreen.storyboard in Resources */,
				D9DE5378205112460093B7D3 /* Assets.xcassets in Resources */,
				D9DE5376205112460093B7D3 /* Main.storyboard in Resources */,
			);
			runOnlyForDeploymentPostprocessing = 0;
		};
		D9DE537F205112460093B7D3 /* Resources */ = {
			isa = PBXResourcesBuildPhase;
			buildActionMask = 2147483647;
			files = (
			);
			runOnlyForDeploymentPostprocessing = 0;
		};
/* End PBXResourcesBuildPhase section */

/* Begin PBXSourcesBuildPhase section */
		D9DE5369205112460093B7D3 /* Sources */ = {
			isa = PBXSourcesBuildPhase;
			buildActionMask = 2147483647;
			files = (
				D9DE539520520DFF0093B7D3 /* Place.swift in Sources */,
				D9DE5371205112460093B7D3 /* AppDelegate.swift in Sources */,
				D9CB4CF620545335008DB140 /* OnePlaceViewController.swift in Sources */,
				D9DE53912051128E0093B7D3 /* PlaceTableViewController.swift in Sources */,
				D92563EC2055AD7900A660AE /* CardView.swift in Sources */,
				D9DE5393205116120093B7D3 /* PlaceTableViewCell.swift in Sources */,
			);
			runOnlyForDeploymentPostprocessing = 0;
		};
		D9DE537D205112460093B7D3 /* Sources */ = {
			isa = PBXSourcesBuildPhase;
			buildActionMask = 2147483647;
			files = (
				D9DE5386205112470093B7D3 /* PlacesTests.swift in Sources */,
			);
			runOnlyForDeploymentPostprocessing = 0;
		};
/* End PBXSourcesBuildPhase section */

/* Begin PBXTargetDependency section */
		D9DE5383205112460093B7D3 /* PBXTargetDependency */ = {
			isa = PBXTargetDependency;
			target = D9DE536C205112460093B7D3 /* Places */;
			targetProxy = D9DE5382205112460093B7D3 /* PBXContainerItemProxy */;
		};
/* End PBXTargetDependency section */

/* Begin PBXVariantGroup section */
		D9DE5374205112460093B7D3 /* Main.storyboard */ = {
			isa = PBXVariantGroup;
			children = (
				D9DE5375205112460093B7D3 /* Base */,
			);
			name = Main.storyboard;
			sourceTree = "<group>";
		};
		D9DE5379205112460093B7D3 /* LaunchScreen.storyboard */ = {
			isa = PBXVariantGroup;
			children = (
				D9DE537A205112460093B7D3 /* Base */,
			);
			name = LaunchScreen.storyboard;
			sourceTree = "<group>";
		};
/* End PBXVariantGroup section */

/* Begin XCBuildConfiguration section */
		D9DE5388205112470093B7D3 /* Debug */ = {
			isa = XCBuildConfiguration;
			buildSettings = {
				ALWAYS_SEARCH_USER_PATHS = NO;
				CLANG_ANALYZER_NONNULL = YES;
				CLANG_ANALYZER_NUMBER_OBJECT_CONVERSION = YES_AGGRESSIVE;
				CLANG_CXX_LANGUAGE_STANDARD = "gnu++14";
				CLANG_CXX_LIBRARY = "libc++";
				CLANG_ENABLE_MODULES = YES;
				CLANG_ENABLE_OBJC_ARC = YES;
				CLANG_WARN_BLOCK_CAPTURE_AUTORELEASING = YES;
				CLANG_WARN_BOOL_CONVERSION = YES;
				CLANG_WARN_COMMA = YES;
				CLANG_WARN_CONSTANT_CONVERSION = YES;
				CLANG_WARN_DIRECT_OBJC_ISA_USAGE = YES_ERROR;
				CLANG_WARN_DOCUMENTATION_COMMENTS = YES;
				CLANG_WARN_EMPTY_BODY = YES;
				CLANG_WARN_ENUM_CONVERSION = YES;
				CLANG_WARN_INFINITE_RECURSION = YES;
				CLANG_WARN_INT_CONVERSION = YES;
				CLANG_WARN_NON_LITERAL_NULL_CONVERSION = YES;
				CLANG_WARN_OBJC_LITERAL_CONVERSION = YES;
				CLANG_WARN_OBJC_ROOT_CLASS = YES_ERROR;
				CLANG_WARN_RANGE_LOOP_ANALYSIS = YES;
				CLANG_WARN_STRICT_PROTOTYPES = YES;
				CLANG_WARN_SUSPICIOUS_MOVE = YES;
				CLANG_WARN_UNGUARDED_AVAILABILITY = YES_AGGRESSIVE;
				CLANG_WARN_UNREACHABLE_CODE = YES;
				CLANG_WARN__DUPLICATE_METHOD_MATCH = YES;
				CODE_SIGN_IDENTITY = "iPhone Developer";
				COPY_PHASE_STRIP = NO;
				DEBUG_INFORMATION_FORMAT = dwarf;
				ENABLE_STRICT_OBJC_MSGSEND = YES;
				ENABLE_TESTABILITY = YES;
				GCC_C_LANGUAGE_STANDARD = gnu11;
				GCC_DYNAMIC_NO_PIC = NO;
				GCC_NO_COMMON_BLOCKS = YES;
				GCC_OPTIMIZATION_LEVEL = 0;
				GCC_PREPROCESSOR_DEFINITIONS = (
					"DEBUG=1",
					"$(inherited)",
				);
				GCC_WARN_64_TO_32_BIT_CONVERSION = YES;
				GCC_WARN_ABOUT_RETURN_TYPE = YES_ERROR;
				GCC_WARN_UNDECLARED_SELECTOR = YES;
				GCC_WARN_UNINITIALIZED_AUTOS = YES_AGGRESSIVE;
				GCC_WARN_UNUSED_FUNCTION = YES;
				GCC_WARN_UNUSED_VARIABLE = YES;
				IPHONEOS_DEPLOYMENT_TARGET = 11.2;
				MTL_ENABLE_DEBUG_INFO = YES;
				ONLY_ACTIVE_ARCH = YES;
				SDKROOT = iphoneos;
				SWIFT_ACTIVE_COMPILATION_CONDITIONS = DEBUG;
				SWIFT_OPTIMIZATION_LEVEL = "-Onone";
			};
			name = Debug;
		};
		D9DE5389205112470093B7D3 /* Release */ = {
			isa = XCBuildConfiguration;
			buildSettings = {
				ALWAYS_SEARCH_USER_PATHS = NO;
				CLANG_ANALYZER_NONNULL = YES;
				CLANG_ANALYZER_NUMBER_OBJECT_CONVERSION = YES_AGGRESSIVE;
				CLANG_CXX_LANGUAGE_STANDARD = "gnu++14";
				CLANG_CXX_LIBRARY = "libc++";
				CLANG_ENABLE_MODULES = YES;
				CLANG_ENABLE_OBJC_ARC = YES;
				CLANG_WARN_BLOCK_CAPTURE_AUTORELEASING = YES;
				CLANG_WARN_BOOL_CONVERSION = YES;
				CLANG_WARN_COMMA = YES;
				CLANG_WARN_CONSTANT_CONVERSION = YES;
				CLANG_WARN_DIRECT_OBJC_ISA_USAGE = YES_ERROR;
				CLANG_WARN_DOCUMENTATION_COMMENTS = YES;
				CLANG_WARN_EMPTY_BODY = YES;
				CLANG_WARN_ENUM_CONVERSION = YES;
				CLANG_WARN_INFINITE_RECURSION = YES;
				CLANG_WARN_INT_CONVERSION = YES;
				CLANG_WARN_NON_LITERAL_NULL_CONVERSION = YES;
				CLANG_WARN_OBJC_LITERAL_CONVERSION = YES;
				CLANG_WARN_OBJC_ROOT_CLASS = YES_ERROR;
				CLANG_WARN_RANGE_LOOP_ANALYSIS = YES;
				CLANG_WARN_STRICT_PROTOTYPES = YES;
				CLANG_WARN_SUSPICIOUS_MOVE = YES;
				CLANG_WARN_UNGUARDED_AVAILABILITY = YES_AGGRESSIVE;
				CLANG_WARN_UNREACHABLE_CODE = YES;
				CLANG_WARN__DUPLICATE_METHOD_MATCH = YES;
				CODE_SIGN_IDENTITY = "iPhone Developer";
				COPY_PHASE_STRIP = NO;
				DEBUG_INFORMATION_FORMAT = "dwarf-with-dsym";
				ENABLE_NS_ASSERTIONS = NO;
				ENABLE_STRICT_OBJC_MSGSEND = YES;
				GCC_C_LANGUAGE_STANDARD = gnu11;
				GCC_NO_COMMON_BLOCKS = YES;
				GCC_WARN_64_TO_32_BIT_CONVERSION = YES;
				GCC_WARN_ABOUT_RETURN_TYPE = YES_ERROR;
				GCC_WARN_UNDECLARED_SELECTOR = YES;
				GCC_WARN_UNINITIALIZED_AUTOS = YES_AGGRESSIVE;
				GCC_WARN_UNUSED_FUNCTION = YES;
				GCC_WARN_UNUSED_VARIABLE = YES;
				IPHONEOS_DEPLOYMENT_TARGET = 11.2;
				MTL_ENABLE_DEBUG_INFO = NO;
				SDKROOT = iphoneos;
				SWIFT_OPTIMIZATION_LEVEL = "-Owholemodule";
				VALIDATE_PRODUCT = YES;
			};
			name = Release;
		};
		D9DE538B205112470093B7D3 /* Debug */ = {
			isa = XCBuildConfiguration;
			buildSettings = {
				ASSETCATALOG_COMPILER_APPICON_NAME = AppIcon;
				CODE_SIGN_STYLE = Automatic;
				INFOPLIST_FILE = Places/Info.plist;
				LD_RUNPATH_SEARCH_PATHS = "$(inherited) @executable_path/Frameworks";
				PRODUCT_BUNDLE_IDENTIFIER = com.sanfil.Places;
				PRODUCT_NAME = "$(TARGET_NAME)";
				SWIFT_VERSION = 4.0;
				TARGETED_DEVICE_FAMILY = "1,2";
			};
			name = Debug;
		};
		D9DE538C205112470093B7D3 /* Release */ = {
			isa = XCBuildConfiguration;
			buildSettings = {
				ASSETCATALOG_COMPILER_APPICON_NAME = AppIcon;
				CODE_SIGN_STYLE = Automatic;
				INFOPLIST_FILE = Places/Info.plist;
				LD_RUNPATH_SEARCH_PATHS = "$(inherited) @executable_path/Frameworks";
				PRODUCT_BUNDLE_IDENTIFIER = com.sanfil.Places;
				PRODUCT_NAME = "$(TARGET_NAME)";
				SWIFT_VERSION = 4.0;
				TARGETED_DEVICE_FAMILY = "1,2";
			};
			name = Release;
		};
		D9DE538E205112470093B7D3 /* Debug */ = {
			isa = XCBuildConfiguration;
			buildSettings = {
				ALWAYS_EMBED_SWIFT_STANDARD_LIBRARIES = YES;
				BUNDLE_LOADER = "$(TEST_HOST)";
				CODE_SIGN_STYLE = Automatic;
				INFOPLIST_FILE = PlacesTests/Info.plist;
				LD_RUNPATH_SEARCH_PATHS = "$(inherited) @executable_path/Frameworks @loader_path/Frameworks";
				PRODUCT_BUNDLE_IDENTIFIER = com.sanfil.PlacesTests;
				PRODUCT_NAME = "$(TARGET_NAME)";
				SWIFT_VERSION = 4.0;
				TARGETED_DEVICE_FAMILY = "1,2";
				TEST_HOST = "$(BUILT_PRODUCTS_DIR)/Places.app/Places";
			};
			name = Debug;
		};
		D9DE538F205112470093B7D3 /* Release */ = {
			isa = XCBuildConfiguration;
			buildSettings = {
				ALWAYS_EMBED_SWIFT_STANDARD_LIBRARIES = YES;
				BUNDLE_LOADER = "$(TEST_HOST)";
				CODE_SIGN_STYLE = Automatic;
				INFOPLIST_FILE = PlacesTests/Info.plist;
				LD_RUNPATH_SEARCH_PATHS = "$(inherited) @executable_path/Frameworks @loader_path/Frameworks";
				PRODUCT_BUNDLE_IDENTIFIER = com.sanfil.PlacesTests;
				PRODUCT_NAME = "$(TARGET_NAME)";
				SWIFT_VERSION = 4.0;
				TARGETED_DEVICE_FAMILY = "1,2";
				TEST_HOST = "$(BUILT_PRODUCTS_DIR)/Places.app/Places";
			};
			name = Release;
		};
/* End XCBuildConfiguration section */

/* Begin XCConfigurationList section */
		D9DE5368205112460093B7D3 /* Build configuration list for PBXProject "Places" */ = {
			isa = XCConfigurationList;
			buildConfigurations = (
				D9DE5388205112470093B7D3 /* Debug */,
				D9DE5389205112470093B7D3 /* Release */,
			);
			defaultConfigurationIsVisible = 0;
			defaultConfigurationName = Release;
		};
		D9DE538A205112470093B7D3 /* Build configuration list for PBXNativeTarget "Places" */ = {
			isa = XCConfigurationList;
			buildConfigurations = (
				D9DE538B205112470093B7D3 /* Debug */,
				D9DE538C205112470093B7D3 /* Release */,
			);
			defaultConfigurationIsVisible = 0;
			defaultConfigurationName = Release;
		};
		D9DE538D205112470093B7D3 /* Build configuration list for PBXNativeTarget "PlacesTests" */ = {
			isa = XCConfigurationList;
			buildConfigurations = (
				D9DE538E205112470093B7D3 /* Debug */,
				D9DE538F205112470093B7D3 /* Release */,
			);
			defaultConfigurationIsVisible = 0;
			defaultConfigurationName = Release;
		};
/* End XCConfigurationList section */
	};
	rootObject = D9DE5365205112460093B7D3 /* Project object */;
}
